
Microsoft Visual Studio Solution File, Format Version 12.00
# Visual Studio Version 17
VisualStudioVersion = 17.14.36811.4
MinimumVisualStudioVersion = 10.0.40219.1
Project("{FAE04EC0-301F-11D3-BF4B-00C04F79EFBC}") = "HogWildApp", "HogWildApp\HogWildApp.csproj", "{CCDDE066-A448-627A-E392-94E774102483}"
EndProject
Global
	GlobalSection(SolutionConfigurationPlatforms) = preSolution
		Debug|Any CPU = Debug|Any CPU
		Release|Any CPU = Release|Any CPU
	EndGlobalSection
	GlobalSection(ProjectConfigurationPlatforms) = postSolution
		{CCDDE066-A448-627A-E392-94E774102483}.Debug|Any CPU.ActiveCfg = Debug|Any CPU
		{CCDDE066-A448-627A-E392-94E774102483}.Debug|Any CPU.Build.0 = Debug|Any CPU
		{CCDDE066-A448-627A-E392-94E774102483}.Release|Any CPU.ActiveCfg = Release|Any CPU
		{CCDDE066-A448-627A-E392-94E774102483}.Release|Any CPU.Build.0 = Release|Any CPU
	EndGlobalSection
	GlobalSection(SolutionProperties) = preSolution
		HideSolutionNode = FALSE
	EndGlobalSection
	GlobalSection(ExtensibilityGlobals) = postSolution
		SolutionGuid = {F29D5544-C7E9-48D3-9D0F-11C7FD7A229A}
	EndGlobalSection
EndGlobal
